// !$*UTF8*$!
{
	archiveVersion = 1;
	classes = {
	};
	objectVersion = 50;
	objects = {

/* Begin PBXBuildFile section */
		3612677B23DAC6760051F0EB /* AppDelegate.swift in Sources */ = {isa = PBXBuildFile; fileRef = 3612677A23DAC6760051F0EB /* AppDelegate.swift */; };
		3612677D23DAC6760051F0EB /* SceneDelegate.swift in Sources */ = {isa = PBXBuildFile; fileRef = 3612677C23DAC6760051F0EB /* SceneDelegate.swift */; };
		3612677F23DAC6760051F0EB /* ViewController.swift in Sources */ = {isa = PBXBuildFile; fileRef = 3612677E23DAC6760051F0EB /* ViewController.swift */; };
		3612678223DAC6770051F0EB /* Main.storyboard in Resources */ = {isa = PBXBuildFile; fileRef = 3612678023DAC6770051F0EB /* Main.storyboard */; };
		3612678423DAC6790051F0EB /* Assets.xcassets in Resources */ = {isa = PBXBuildFile; fileRef = 3612678323DAC6780051F0EB /* Assets.xcassets */; };
		3612678723DAC6790051F0EB /* LaunchScreen.storyboard in Resources */ = {isa = PBXBuildFile; fileRef = 3612678523DAC6790051F0EB /* LaunchScreen.storyboard */; };
		3612679223DAC6790051F0EB /* VITPoolTests.swift in Sources */ = {isa = PBXBuildFile; fileRef = 3612679123DAC6790051F0EB /* VITPoolTests.swift */; };
		3612679D23DAC6790051F0EB /* VITPoolUITests.swift in Sources */ = {isa = PBXBuildFile; fileRef = 3612679C23DAC6790051F0EB /* VITPoolUITests.swift */; };
/* End PBXBuildFile section */

/* Begin PBXContainerItemProxy section */
		3612678E23DAC6790051F0EB /* PBXContainerItemProxy */ = {
			isa = PBXContainerItemProxy;
			containerPortal = 3612676F23DAC6760051F0EB /* Project object */;
			proxyType = 1;
			remoteGlobalIDString = 3612677623DAC6760051F0EB;
			remoteInfo = VITPool;
		};
		3612679923DAC6790051F0EB /* PBXContainerItemProxy */ = {
			isa = PBXContainerItemProxy;
			containerPortal = 3612676F23DAC6760051F0EB /* Project object */;
			proxyType = 1;
			remoteGlobalIDString = 3612677623DAC6760051F0EB;
			remoteInfo = VITPool;
		};
/* End PBXContainerItemProxy section */

/* Begin PBXFileReference section */
		3612677723DAC6760051F0EB /* VITPool.app */ = {isa = PBXFileReference; explicitFileType = wrapper.application; includeInIndex = 0; path = VITPool.app; sourceTree = BUILT_PRODUCTS_DIR; };
		3612677A23DAC6760051F0EB /* AppDelegate.swift */ = {isa = PBXFileReference; lastKnownFileType = sourcecode.swift; path = AppDelegate.swift; sourceTree = "<group>"; };
		3612677C23DAC6760051F0EB /* SceneDelegate.swift */ = {isa = PBXFileReference; lastKnownFileType = sourcecode.swift; path = SceneDelegate.swift; sourceTree = "<group>"; };
		3612677E23DAC6760051F0EB /* ViewController.swift */ = {isa = PBXFileReference; lastKnownFileType = sourcecode.swift; path = ViewController.swift; sourceTree = "<group>"; };
		3612678123DAC6770051F0EB /* Base */ = {isa = PBXFileReference; lastKnownFileType = file.storyboard; name = Base; path = Base.lproj/Main.storyboard; sourceTree = "<group>"; };
		3612678323DAC6780051F0EB /* Assets.xcassets */ = {isa = PBXFileReference; lastKnownFileType = folder.assetcatalog; path = Assets.xcassets; sourceTree = "<group>"; };
		3612678623DAC6790051F0EB /* Base */ = {isa = PBXFileReference; lastKnownFileType = file.storyboard; name = Base; path = Base.lproj/LaunchScreen.storyboard; sourceTree = "<group>"; };
		3612678823DAC6790051F0EB /* Info.plist */ = {isa = PBXFileReference; lastKnownFileType = text.plist.xml; path = Info.plist; sourceTree = "<group>"; };
		3612678D23DAC6790051F0EB /* VITPoolTests.xctest */ = {isa = PBXFileReference; explicitFileType = wrapper.cfbundle; includeInIndex = 0; path = VITPoolTests.xctest; sourceTree = BUILT_PRODUCTS_DIR; };
		3612679123DAC6790051F0EB /* VITPoolTests.swift */ = {isa = PBXFileReference; lastKnownFileType = sourcecode.swift; path = VITPoolTests.swift; sourceTree = "<group>"; };
		3612679323DAC6790051F0EB /* Info.plist */ = {isa = PBXFileReference; lastKnownFileType = text.plist.xml; path = Info.plist; sourceTree = "<group>"; };
		3612679823DAC6790051F0EB /* VITPoolUITests.xctest */ = {isa = PBXFileReference; explicitFileType = wrapper.cfbundle; includeInIndex = 0; path = VITPoolUITests.xctest; sourceTree = BUILT_PRODUCTS_DIR; };
		3612679C23DAC6790051F0EB /* VITPoolUITests.swift */ = {isa = PBXFileReference; lastKnownFileType = sourcecode.swift; path = VITPoolUITests.swift; sourceTree = "<group>"; };
		3612679E23DAC6790051F0EB /* Info.plist */ = {isa = PBXFileReference; lastKnownFileType = text.plist.xml; path = Info.plist; sourceTree = "<group>"; };
/* End PBXFileReference section */

/* Begin PBXFrameworksBuildPhase section */
		3612677423DAC6760051F0EB /* Frameworks */ = {
			isa = PBXFrameworksBuildPhase;
			buildActionMask = 2147483647;
			files = (
			);
			runOnlyForDeploymentPostprocessing = 0;
		};
		3612678A23DAC6790051F0EB /* Frameworks */ = {
			isa = PBXFrameworksBuildPhase;
			buildActionMask = 2147483647;
			files = (
			);
			runOnlyForDeploymentPostprocessing = 0;
		};
		3612679523DAC6790051F0EB /* Frameworks */ = {
			isa = PBXFrameworksBuildPhase;
			buildActionMask = 2147483647;
			files = (
			);
			runOnlyForDeploymentPostprocessing = 0;
		};
/* End PBXFrameworksBuildPhase section */

/* Begin PBXGroup section */
		3612676E23DAC6760051F0EB = {
			isa = PBXGroup;
			children = (
				3612677923DAC6760051F0EB /* VITPool */,
				3612679023DAC6790051F0EB /* VITPoolTests */,
				3612679B23DAC6790051F0EB /* VITPoolUITests */,
				3612677823DAC6760051F0EB /* Products */,
			);
			sourceTree = "<group>";
		};
		3612677823DAC6760051F0EB /* Products */ = {
			isa = PBXGroup;
			children = (
				3612677723DAC6760051F0EB /* VITPool.app */,
				3612678D23DAC6790051F0EB /* VITPoolTests.xctest */,
				3612679823DAC6790051F0EB /* VITPoolUITests.xctest */,
			);
			name = Products;
			sourceTree = "<group>";
		};
		3612677923DAC6760051F0EB /* VITPool */ = {
			isa = PBXGroup;
			children = (
				3612677A23DAC6760051F0EB /* AppDelegate.swift */,
				3612677C23DAC6760051F0EB /* SceneDelegate.swift */,
				3612677E23DAC6760051F0EB /* ViewController.swift */,
				3612678023DAC6770051F0EB /* Main.storyboard */,
				3612678323DAC6780051F0EB /* Assets.xcassets */,
				3612678523DAC6790051F0EB /* LaunchScreen.storyboard */,
				3612678823DAC6790051F0EB /* Info.plist */,
			);
			path = VITPool;
			sourceTree = "<group>";
		};
		3612679023DAC6790051F0EB /* VITPoolTests */ = {
			isa = PBXGroup;
			children = (
				3612679123DAC6790051F0EB /* VITPoolTests.swift */,
				3612679323DAC6790051F0EB /* Info.plist */,
			);
			path = VITPoolTests;
			sourceTree = "<group>";
		};
		3612679B23DAC6790051F0EB /* VITPoolUITests */ = {
			isa = PBXGroup;
			children = (
				3612679C23DAC6790051F0EB /* VITPoolUITests.swift */,
				3612679E23DAC6790051F0EB /* Info.plist */,
			);
			path = VITPoolUITests;
			sourceTree = "<group>";
		};
/* End PBXGroup section */

/* Begin PBXNativeTarget section */
		3612677623DAC6760051F0EB /* VITPool */ = {
			isa = PBXNativeTarget;
			buildConfigurationList = 361267A123DAC6790051F0EB /* Build configuration list for PBXNativeTarget "VITPool" */;
			buildPhases = (
				3612677323DAC6760051F0EB /* Sources */,
				3612677423DAC6760051F0EB /* Frameworks */,
				3612677523DAC6760051F0EB /* Resources */,
			);
			buildRules = (
			);
			dependencies = (
			);
			name = VITPool;
			productName = VITPool;
			productReference = 3612677723DAC6760051F0EB /* VITPool.app */;
			productType = "com.apple.product-type.application";
		};
		3612678C23DAC6790051F0EB /* VITPoolTests */ = {
			isa = PBXNativeTarget;
			buildConfigurationList = 361267A423DAC6790051F0EB /* Build configuration list for PBXNativeTarget "VITPoolTests" */;
			buildPhases = (
				3612678923DAC6790051F0EB /* Sources */,
				3612678A23DAC6790051F0EB /* Frameworks */,
				3612678B23DAC6790051F0EB /* Resources */,
			);
			buildRules = (
			);
			dependencies = (
				3612678F23DAC6790051F0EB /* PBXTargetDependency */,
			);
			name = VITPoolTests;
			productName = VITPoolTests;
			productReference = 3612678D23DAC6790051F0EB /* VITPoolTests.xctest */;
			productType = "com.apple.product-type.bundle.unit-test";
		};
		3612679723DAC6790051F0EB /* VITPoolUITests */ = {
			isa = PBXNativeTarget;
			buildConfigurationList = 361267A723DAC6790051F0EB /* Build configuration list for PBXNativeTarget "VITPoolUITests" */;
			buildPhases = (
				3612679423DAC6790051F0EB /* Sources */,
				3612679523DAC6790051F0EB /* Frameworks */,
				3612679623DAC6790051F0EB /* Resources */,
			);
			buildRules = (
			);
			dependencies = (
				3612679A23DAC6790051F0EB /* PBXTargetDependency */,
			);
			name = VITPoolUITests;
			productName = VITPoolUITests;
			productReference = 3612679823DAC6790051F0EB /* VITPoolUITests.xctest */;
			productType = "com.apple.product-type.bundle.ui-testing";
		};
/* End PBXNativeTarget section */

/* Begin PBXProject section */
		3612676F23DAC6760051F0EB /* Project object */ = {
			isa = PBXProject;
			attributes = {
				LastSwiftUpdateCheck = 1120;
				LastUpgradeCheck = 1120;
				ORGANIZATIONNAME = "ANKIT YADAV";
				TargetAttributes = {
					3612677623DAC6760051F0EB = {
						CreatedOnToolsVersion = 11.2.1;
					};
					3612678C23DAC6790051F0EB = {
						CreatedOnToolsVersion = 11.2.1;
						TestTargetID = 3612677623DAC6760051F0EB;
					};
					3612679723DAC6790051F0EB = {
						CreatedOnToolsVersion = 11.2.1;
						TestTargetID = 3612677623DAC6760051F0EB;
					};
				};
			};
			buildConfigurationList = 3612677223DAC6760051F0EB /* Build configuration list for PBXProject "VITPool" */;
			compatibilityVersion = "Xcode 9.3";
			developmentRegion = en;
			hasScannedForEncodings = 0;
			knownRegions = (
				en,
				Base,
			);
			mainGroup = 3612676E23DAC6760051F0EB;
			productRefGroup = 3612677823DAC6760051F0EB /* Products */;
			projectDirPath = "";
			projectRoot = "";
			targets = (
				3612677623DAC6760051F0EB /* VITPool */,
				3612678C23DAC6790051F0EB /* VITPoolTests */,
				3612679723DAC6790051F0EB /* VITPoolUITests */,
			);
		};
/* End PBXProject section */

/* Begin PBXResourcesBuildPhase section */
		3612677523DAC6760051F0EB /* Resources */ = {
			isa = PBXResourcesBuildPhase;
			buildActionMask = 2147483647;
			files = (
				3612678723DAC6790051F0EB /* LaunchScreen.storyboard in Resources */,
				3612678423DAC6790051F0EB /* Assets.xcassets in Resources */,
				3612678223DAC6770051F0EB /* Main.storyboard in Resources */,
			);
			runOnlyForDeploymentPostprocessing = 0;
		};
		3612678B23DAC6790051F0EB /* Resources */ = {
			isa = PBXResourcesBuildPhase;
			buildActionMask = 2147483647;
			files = (
			);
			runOnlyForDeploymentPostprocessing = 0;
		};
		3612679623DAC6790051F0EB /* Resources */ = {
			isa = PBXResourcesBuildPhase;
			buildActionMask = 2147483647;
			files = (
			);
			runOnlyForDeploymentPostprocessing = 0;
		};
/* End PBXResourcesBuildPhase section */

/* Begin PBXSourcesBuildPhase section */
		3612677323DAC6760051F0EB /* Sources */ = {
			isa = PBXSourcesBuildPhase;
			buildActionMask = 2147483647;
			files = (
				3612677F23DAC6760051F0EB /* ViewController.swift in Sources */,
				3612677B23DAC6760051F0EB /* AppDelegate.swift in Sources */,
				3612677D23DAC6760051F0EB /* SceneDelegate.swift in Sources */,
			);
			runOnlyForDeploymentPostprocessing = 0;
		};
		3612678923DAC6790051F0EB /* Sources */ = {
			isa = PBXSourcesBuildPhase;
			buildActionMask = 2147483647;
			files = (
				3612679223DAC6790051F0EB /* VITPoolTests.swift in Sources */,
			);
			runOnlyForDeploymentPostprocessing = 0;
		};
		3612679423DAC6790051F0EB /* Sources */ = {
			isa = PBXSourcesBuildPhase;
			buildActionMask = 2147483647;
			files = (
				3612679D23DAC6790051F0EB /* VITPoolUITests.swift in Sources */,
			);
			runOnlyForDeploymentPostprocessing = 0;
		};
/* End PBXSourcesBuildPhase section */

/* Begin PBXTargetDependency section */
		3612678F23DAC6790051F0EB /* PBXTargetDependency */ = {
			isa = PBXTargetDependency;
			target = 3612677623DAC6760051F0EB /* VITPool */;
			targetProxy = 3612678E23DAC6790051F0EB /* PBXContainerItemProxy */;
		};
		3612679A23DAC6790051F0EB /* PBXTargetDependency */ = {
			isa = PBXTargetDependency;
			target = 3612677623DAC6760051F0EB /* VITPool */;
			targetProxy = 3612679923DAC6790051F0EB /* PBXContainerItemProxy */;
		};
/* End PBXTargetDependency section */

/* Begin PBXVariantGroup section */
		3612678023DAC6770051F0EB /* Main.storyboard */ = {
			isa = PBXVariantGroup;
			children = (
				3612678123DAC6770051F0EB /* Base */,
			);
			name = Main.storyboard;
			sourceTree = "<group>";
		};
		3612678523DAC6790051F0EB /* LaunchScreen.storyboard */ = {
			isa = PBXVariantGroup;
			children = (
				3612678623DAC6790051F0EB /* Base */,
			);
			name = LaunchScreen.storyboard;
			sourceTree = "<group>";
		};
/* End PBXVariantGroup section */

/* Begin XCBuildConfiguration section */
		3612679F23DAC6790051F0EB /* Debug */ = {
			isa = XCBuildConfiguration;
			buildSettings = {
				ALWAYS_SEARCH_USER_PATHS = NO;
				CLANG_ANALYZER_NONNULL = YES;
				CLANG_ANALYZER_NUMBER_OBJECT_CONVERSION = YES_AGGRESSIVE;
				CLANG_CXX_LANGUAGE_STANDARD = "gnu++14";
				CLANG_CXX_LIBRARY = "libc++";
				CLANG_ENABLE_MODULES = YES;
				CLANG_ENABLE_OBJC_ARC = YES;
				CLANG_ENABLE_OBJC_WEAK = YES;
				CLANG_WARN_BLOCK_CAPTURE_AUTORELEASING = YES;
				CLANG_WARN_BOOL_CONVERSION = YES;
				CLANG_WARN_COMMA = YES;
				CLANG_WARN_CONSTANT_CONVERSION = YES;
				CLANG_WARN_DEPRECATED_OBJC_IMPLEMENTATIONS = YES;
				CLANG_WARN_DIRECT_OBJC_ISA_USAGE = YES_ERROR;
				CLANG_WARN_DOCUMENTATION_COMMENTS = YES;
				CLANG_WARN_EMPTY_BODY = YES;
				CLANG_WARN_ENUM_CONVERSION = YES;
				CLANG_WARN_INFINITE_RECURSION = YES;
				CLANG_WARN_INT_CONVERSION = YES;
				CLANG_WARN_NON_LITERAL_NULL_CONVERSION = YES;
				CLANG_WARN_OBJC_IMPLICIT_RETAIN_SELF = YES;
				CLANG_WARN_OBJC_LITERAL_CONVERSION = YES;
				CLANG_WARN_OBJC_ROOT_CLASS = YES_ERROR;
				CLANG_WARN_RANGE_LOOP_ANALYSIS = YES;
				CLANG_WARN_STRICT_PROTOTYPES = YES;
				CLANG_WARN_SUSPICIOUS_MOVE = YES;
				CLANG_WARN_UNGUARDED_AVAILABILITY = YES_AGGRESSIVE;
				CLANG_WARN_UNREACHABLE_CODE = YES;
				CLANG_WARN__DUPLICATE_METHOD_MATCH = YES;
				COPY_PHASE_STRIP = NO;
				DEBUG_INFORMATION_FORMAT = dwarf;
				ENABLE_STRICT_OBJC_MSGSEND = YES;
				ENABLE_TESTABILITY = YES;
				GCC_C_LANGUAGE_STANDARD = gnu11;
				GCC_DYNAMIC_NO_PIC = NO;
				GCC_NO_COMMON_BLOCKS = YES;
				GCC_OPTIMIZATION_LEVEL = 0;
				GCC_PREPROCESSOR_DEFINITIONS = (
					"DEBUG=1",
					"$(inherited)",
				);
				GCC_WARN_64_TO_32_BIT_CONVERSION = YES;
				GCC_WARN_ABOUT_RETURN_TYPE = YES_ERROR;
				GCC_WARN_UNDECLARED_SELECTOR = YES;
				GCC_WARN_UNINITIALIZED_AUTOS = YES_AGGRESSIVE;
				GCC_WARN_UNUSED_FUNCTION = YES;
				GCC_WARN_UNUSED_VARIABLE = YES;
				IPHONEOS_DEPLOYMENT_TARGET = 13.2;
				MTL_ENABLE_DEBUG_INFO = INCLUDE_SOURCE;
				MTL_FAST_MATH = YES;
				ONLY_ACTIVE_ARCH = YES;
				SDKROOT = iphoneos;
				SWIFT_ACTIVE_COMPILATION_CONDITIONS = DEBUG;
				SWIFT_OPTIMIZATION_LEVEL = "-Onone";
			};
			name = Debug;
		};
		361267A023DAC6790051F0EB /* Release */ = {
			isa = XCBuildConfiguration;
			buildSettings = {
				ALWAYS_SEARCH_USER_PATHS = NO;
				CLANG_ANALYZER_NONNULL = YES;
				CLANG_ANALYZER_NUMBER_OBJECT_CONVERSION = YES_AGGRESSIVE;
				CLANG_CXX_LANGUAGE_STANDARD = "gnu++14";
				CLANG_CXX_LIBRARY = "libc++";
				CLANG_ENABLE_MODULES = YES;
				CLANG_ENABLE_OBJC_ARC = YES;
				CLANG_ENABLE_OBJC_WEAK = YES;
				CLANG_WARN_BLOCK_CAPTURE_AUTORELEASING = YES;
				CLANG_WARN_BOOL_CONVERSION = YES;
				CLANG_WARN_COMMA = YES;
				CLANG_WARN_CONSTANT_CONVERSION = YES;
				CLANG_WARN_DEPRECATED_OBJC_IMPLEMENTATIONS = YES;
				CLANG_WARN_DIRECT_OBJC_ISA_USAGE = YES_ERROR;
				CLANG_WARN_DOCUMENTATION_COMMENTS = YES;
				CLANG_WARN_EMPTY_BODY = YES;
				CLANG_WARN_ENUM_CONVERSION = YES;
				CLANG_WARN_INFINITE_RECURSION = YES;
				CLANG_WARN_INT_CONVERSION = YES;
				CLANG_WARN_NON_LITERAL_NULL_CONVERSION = YES;
				CLANG_WARN_OBJC_IMPLICIT_RETAIN_SELF = YES;
				CLANG_WARN_OBJC_LITERAL_CONVERSION = YES;
				CLANG_WARN_OBJC_ROOT_CLASS = YES_ERROR;
				CLANG_WARN_RANGE_LOOP_ANALYSIS = YES;
				CLANG_WARN_STRICT_PROTOTYPES = YES;
				CLANG_WARN_SUSPICIOUS_MOVE = YES;
				CLANG_WARN_UNGUARDED_AVAILABILITY = YES_AGGRESSIVE;
				CLANG_WARN_UNREACHABLE_CODE = YES;
				CLANG_WARN__DUPLICATE_METHOD_MATCH = YES;
				COPY_PHASE_STRIP = NO;
				DEBUG_INFORMATION_FORMAT = "dwarf-with-dsym";
				ENABLE_NS_ASSERTIONS = NO;
				ENABLE_STRICT_OBJC_MSGSEND = YES;
				GCC_C_LANGUAGE_STANDARD = gnu11;
				GCC_NO_COMMON_BLOCKS = YES;
				GCC_WARN_64_TO_32_BIT_CONVERSION = YES;
				GCC_WARN_ABOUT_RETURN_TYPE = YES_ERROR;
				GCC_WARN_UNDECLARED_SELECTOR = YES;
				GCC_WARN_UNINITIALIZED_AUTOS = YES_AGGRESSIVE;
				GCC_WARN_UNUSED_FUNCTION = YES;
				GCC_WARN_UNUSED_VARIABLE = YES;
				IPHONEOS_DEPLOYMENT_TARGET = 13.2;
				MTL_ENABLE_DEBUG_INFO = NO;
				MTL_FAST_MATH = YES;
				SDKROOT = iphoneos;
				SWIFT_COMPILATION_MODE = wholemodule;
				SWIFT_OPTIMIZATION_LEVEL = "-O";
				VALIDATE_PRODUCT = YES;
			};
			name = Release;
		};
		361267A223DAC6790051F0EB /* Debug */ = {
			isa = XCBuildConfiguration;
			buildSettings = {
				ASSETCATALOG_COMPILER_APPICON_NAME = AppIcon;
				CODE_SIGN_STYLE = Automatic;
				DEVELOPMENT_TEAM = JL7UZ93S3L;
				INFOPLIST_FILE = VITPool/Info.plist;
				LD_RUNPATH_SEARCH_PATHS = (
					"$(inherited)",
					"@executable_path/Frameworks",
				);
				PRODUCT_BUNDLE_IDENTIFIER = com.VITPool;
				PRODUCT_NAME = "$(TARGET_NAME)";
				SWIFT_VERSION = 5.0;
				TARGETED_DEVICE_FAMILY = "1,2";
			};
			name = Debug;
		};
		361267A323DAC6790051F0EB /* Release */ = {
			isa = XCBuildConfiguration;
			buildSettings = {
				ASSETCATALOG_COMPILER_APPICON_NAME = AppIcon;
				CODE_SIGN_STYLE = Automatic;
				DEVELOPMENT_TEAM = JL7UZ93S3L;
				INFOPLIST_FILE = VITPool/Info.plist;
				LD_RUNPATH_SEARCH_PATHS = (
					"$(inherited)",
					"@executable_path/Frameworks",
				);
				PRODUCT_BUNDLE_IDENTIFIER = com.VITPool;
				PRODUCT_NAME = "$(TARGET_NAME)";
				SWIFT_VERSION = 5.0;
				TARGETED_DEVICE_FAMILY = "1,2";
			};
			name = Release;
		};
		361267A523DAC6790051F0EB /* Debug */ = {
			isa = XCBuildConfiguration;
			buildSettings = {
				ALWAYS_EMBED_SWIFT_STANDARD_LIBRARIES = YES;
				BUNDLE_LOADER = "$(TEST_HOST)";
				CODE_SIGN_STYLE = Automatic;
				DEVELOPMENT_TEAM = JL7UZ93S3L;
				INFOPLIST_FILE = VITPoolTests/Info.plist;
				IPHONEOS_DEPLOYMENT_TARGET = 13.2;
				LD_RUNPATH_SEARCH_PATHS = (
					"$(inherited)",
					"@executable_path/Frameworks",
					"@loader_path/Frameworks",
				);
				PRODUCT_BUNDLE_IDENTIFIER = com.VITPoolTests;
				PRODUCT_NAME = "$(TARGET_NAME)";
				SWIFT_VERSION = 5.0;
				TARGETED_DEVICE_FAMILY = "1,2";
				TEST_HOST = "$(BUILT_PRODUCTS_DIR)/VITPool.app/VITPool";
			};
			name = Debug;
		};
		361267A623DAC6790051F0EB /* Release */ = {
			isa = XCBuildConfiguration;
			buildSettings = {
				ALWAYS_EMBED_SWIFT_STANDARD_LIBRARIES = YES;
				BUNDLE_LOADER = "$(TEST_HOST)";
				CODE_SIGN_STYLE = Automatic;
				DEVELOPMENT_TEAM = JL7UZ93S3L;
				INFOPLIST_FILE = VITPoolTests/Info.plist;
				IPHONEOS_DEPLOYMENT_TARGET = 13.2;
				LD_RUNPATH_SEARCH_PATHS = (
					"$(inherited)",
					"@executable_path/Frameworks",
					"@loader_path/Frameworks",
				);
				PRODUCT_BUNDLE_IDENTIFIER = com.VITPoolTests;
				PRODUCT_NAME = "$(TARGET_NAME)";
				SWIFT_VERSION = 5.0;
				TARGETED_DEVICE_FAMILY = "1,2";
				TEST_HOST = "$(BUILT_PRODUCTS_DIR)/VITPool.app/VITPool";
			};
			name = Release;
		};
		361267A823DAC6790051F0EB /* Debug */ = {
			isa = XCBuildConfiguration;
			buildSettings = {
				ALWAYS_EMBED_SWIFT_STANDARD_LIBRARIES = YES;
				CODE_SIGN_STYLE = Automatic;
				DEVELOPMENT_TEAM = JL7UZ93S3L;
				INFOPLIST_FILE = VITPoolUITests/Info.plist;
				LD_RUNPATH_SEARCH_PATHS = (
					"$(inherited)",
					"@executable_path/Frameworks",
					"@loader_path/Frameworks",
				);
				PRODUCT_BUNDLE_IDENTIFIER = com.VITPoolUITests;
				PRODUCT_NAME = "$(TARGET_NAME)";
				SWIFT_VERSION = 5.0;
				TARGETED_DEVICE_FAMILY = "1,2";
				TEST_TARGET_NAME = VITPool;
			};
			name = Debug;
		};
		361267A923DAC6790051F0EB /* Release */ = {
			isa = XCBuildConfiguration;
			buildSettings = {
				ALWAYS_EMBED_SWIFT_STANDARD_LIBRARIES = YES;
				CODE_SIGN_STYLE = Automatic;
				DEVELOPMENT_TEAM = JL7UZ93S3L;
				INFOPLIST_FILE = VITPoolUITests/Info.plist;
				LD_RUNPATH_SEARCH_PATHS = (
					"$(inherited)",
					"@executable_path/Frameworks",
					"@loader_path/Frameworks",
				);
				PRODUCT_BUNDLE_IDENTIFIER = com.VITPoolUITests;
				PRODUCT_NAME = "$(TARGET_NAME)";
				SWIFT_VERSION = 5.0;
				TARGETED_DEVICE_FAMILY = "1,2";
				TEST_TARGET_NAME = VITPool;
			};
			name = Release;
		};
/* End XCBuildConfiguration section */

/* Begin XCConfigurationList section */
		3612677223DAC6760051F0EB /* Build configuration list for PBXProject "VITPool" */ = {
			isa = XCConfigurationList;
			buildConfigurations = (
				3612679F23DAC6790051F0EB /* Debug */,
				361267A023DAC6790051F0EB /* Release */,
			);
			defaultConfigurationIsVisible = 0;
			defaultConfigurationName = Release;
		};
		361267A123DAC6790051F0EB /* Build configuration list for PBXNativeTarget "VITPool" */ = {
			isa = XCConfigurationList;
			buildConfigurations = (
				361267A223DAC6790051F0EB /* Debug */,
				361267A323DAC6790051F0EB /* Release */,
			);
			defaultConfigurationIsVisible = 0;
			defaultConfigurationName = Release;
		};
		361267A423DAC6790051F0EB /* Build configuration list for PBXNativeTarget "VITPoolTests" */ = {
			isa = XCConfigurationList;
			buildConfigurations = (
				361267A523DAC6790051F0EB /* Debug */,
				361267A623DAC6790051F0EB /* Release */,
			);
			defaultConfigurationIsVisible = 0;
			defaultConfigurationName = Release;
		};
		361267A723DAC6790051F0EB /* Build configuration list for PBXNativeTarget "VITPoolUITests" */ = {
			isa = XCConfigurationList;
			buildConfigurations = (
				361267A823DAC6790051F0EB /* Debug */,
				361267A923DAC6790051F0EB /* Release */,
			);
			defaultConfigurationIsVisible = 0;
			defaultConfigurationName = Release;
		};
/* End XCConfigurationList section */
	};
	rootObject = 3612676F23DAC6760051F0EB /* Project object */;
}
